
Microsoft Visual Studio Solution File, Format Version 12.00
# Visual Studio Version 17
VisualStudioVersion = 17.6.33723.286
MinimumVisualStudioVersion = 10.0.40219.1
Project("{2150E333-8FDC-42A3-9474-1A3956D46DE8}") = "Services", "Services", "{DBCA6591-7ED8-4D4C-8975-5DE3E684296C}"
EndProject
Project("{2150E333-8FDC-42A3-9474-1A3956D46DE8}") = "Catalog", "Catalog", "{E5840137-504E-459F-9487-8C1F09742732}"
EndProject
Project("{2150E333-8FDC-42A3-9474-1A3956D46DE8}") = "Solution Items", "Solution Items", "{B44031CB-A821-49B2-84D5-CC5B4865394F}"
	ProjectSection(SolutionItems) = preProject
		ports.txt = ports.txt
	EndProjectSection
EndProject
Project("{9A19103F-16F7-4668-BE54-9A1E7A4F7556}") = "Services.Catalog", "Services\Catalog\Services.Catalog\Services.Catalog.csproj", "{826244C7-89BA-41F0-A9AC-937E9D70A3B8}"
EndProject
Project("{2150E333-8FDC-42A3-9474-1A3956D46DE8}") = "Shared", "Shared", "{0534DC51-C0F1-4D80-A3C2-42C90180A8B9}"
EndProject
Project("{9A19103F-16F7-4668-BE54-9A1E7A4F7556}") = "ServiceShared", "Shared\ServiceShared\ServiceShared.csproj", "{4ACA2A94-9AAD-4D32-811B-5940B72D4DAB}"
EndProject
Project("{2150E333-8FDC-42A3-9474-1A3956D46DE8}") = "IdentityServer", "IdentityServer", "{7D59FA4F-BD0E-4231-9AF2-B6DDBA20F991}"
EndProject
Project("{9A19103F-16F7-4668-BE54-9A1E7A4F7556}") = "IdentityServer.Service", "IdentityServer\IdentityServer.Service\IdentityServer.Service.csproj", "{E353D632-FF3D-465A-8356-83DC52EE2FC1}"
EndProject
Project("{2150E333-8FDC-42A3-9474-1A3956D46DE8}") = "PhotoStock", "PhotoStock", "{E7C34364-C422-4192-8CCB-EDB319688071}"
EndProject
Project("{9A19103F-16F7-4668-BE54-9A1E7A4F7556}") = "Service.PhotoStock", "Services\PhotoStock\Service.PhotoStock\Service.PhotoStock.csproj", "{F0BD51D5-B5E6-458B-A046-D010D972C97D}"
EndProject
Project("{2150E333-8FDC-42A3-9474-1A3956D46DE8}") = "Basket", "Basket", "{775AE893-CE71-4D97-AF98-BBFE4955320F}"
EndProject
Project("{9A19103F-16F7-4668-BE54-9A1E7A4F7556}") = "Service.Basket", "Services\Basket\Service.Basket\Service.Basket.csproj", "{480E1E8D-A72F-4CBD-8F0A-F88BD5B283FB}"
EndProject
Project("{2150E333-8FDC-42A3-9474-1A3956D46DE8}") = "Discount", "Discount", "{E9CA6E94-83F9-4919-9BEA-3C46BA6E45F7}"
EndProject
Project("{9A19103F-16F7-4668-BE54-9A1E7A4F7556}") = "Services.Discount", "Services\Discount\Services.Discount\Services.Discount.csproj", "{75BB859E-1C1E-4822-9ABC-D9269F178609}"
EndProject
Project("{2150E333-8FDC-42A3-9474-1A3956D46DE8}") = "Order", "Order", "{1FC029B4-D16B-48C2-A653-E8F353F0E359}"
EndProject
Project("{2150E333-8FDC-42A3-9474-1A3956D46DE8}") = "FakePayment", "FakePayment", "{0472B32B-11C8-428F-B270-194425FD2ED9}"
EndProject
Project("{9A19103F-16F7-4668-BE54-9A1E7A4F7556}") = "FakePayment.Services", "Services\FakePayment\FakePayment.Services\FakePayment.Services.csproj", "{72FE40E5-7E2A-4AB5-948C-D1755E556FEB}"
EndProject
Project("{9A19103F-16F7-4668-BE54-9A1E7A4F7556}") = "Services.Order", "Services\Order\Services.Order\Services.Order.csproj", "{2ED11472-FD57-455C-9C8C-5100A0479893}"
EndProject
Project("{9A19103F-16F7-4668-BE54-9A1E7A4F7556}") = "Services.Order.Application", "Services\Order\Services.Order.Application\Services.Order.Application.csproj", "{C986D1D6-7129-4694-925A-17E79008F57E}"
EndProject
Project("{9A19103F-16F7-4668-BE54-9A1E7A4F7556}") = "Services.Order.Domain", "Services\Order\Services.Order.Domain\Services.Order.Domain.csproj", "{85CFF076-BC51-4320-9FBD-CB30BB64EEC1}"
EndProject
Project("{9A19103F-16F7-4668-BE54-9A1E7A4F7556}") = "Services.Order.Domain.Core", "Services\Order\Services.Order.Domain.Core\Services.Order.Domain.Core.csproj", "{6A54039D-69CA-41CB-B08B-AB5DBFAF995A}"
EndProject
Project("{9A19103F-16F7-4668-BE54-9A1E7A4F7556}") = "Services.Order.Infrastructure", "Services\Order\Services.Order.Infrastructure\Services.Order.Infrastructure.csproj", "{F7632AEB-D076-4ABA-A0B5-BC95680DADDC}"
EndProject
Project("{2150E333-8FDC-42A3-9474-1A3956D46DE8}") = "Gateway", "Gateway", "{F82D0E27-770F-420D-AE5D-D941C6C305EB}"
EndProject
Project("{9A19103F-16F7-4668-BE54-9A1E7A4F7556}") = "Gateway", "Gateway\Gateway.csproj", "{77482465-174B-4308-90F2-6D7469DD572A}"
EndProject
Project("{2150E333-8FDC-42A3-9474-1A3956D46DE8}") = "UI", "UI", "{929B78B5-A2A9-47CE-915F-26A75D28AFA3}"
EndProject
Project("{FAE04EC0-301F-11D3-BF4B-00C04F79EFBC}") = "Web", "UI\Web\Web.csproj", "{AE9D5B13-2AA0-4075-BEF7-AB65EAFCE3B4}"
EndProject
Global
	GlobalSection(SolutionConfigurationPlatforms) = preSolution
		Debug|Any CPU = Debug|Any CPU
		Release|Any CPU = Release|Any CPU
	EndGlobalSection
	GlobalSection(ProjectConfigurationPlatforms) = postSolution
		{826244C7-89BA-41F0-A9AC-937E9D70A3B8}.Debug|Any CPU.ActiveCfg = Debug|Any CPU
		{826244C7-89BA-41F0-A9AC-937E9D70A3B8}.Debug|Any CPU.Build.0 = Debug|Any CPU
		{826244C7-89BA-41F0-A9AC-937E9D70A3B8}.Release|Any CPU.ActiveCfg = Release|Any CPU
		{826244C7-89BA-41F0-A9AC-937E9D70A3B8}.Release|Any CPU.Build.0 = Release|Any CPU
		{4ACA2A94-9AAD-4D32-811B-5940B72D4DAB}.Debug|Any CPU.ActiveCfg = Debug|Any CPU
		{4ACA2A94-9AAD-4D32-811B-5940B72D4DAB}.Debug|Any CPU.Build.0 = Debug|Any CPU
		{4ACA2A94-9AAD-4D32-811B-5940B72D4DAB}.Release|Any CPU.ActiveCfg = Release|Any CPU
		{4ACA2A94-9AAD-4D32-811B-5940B72D4DAB}.Release|Any CPU.Build.0 = Release|Any CPU
		{E353D632-FF3D-465A-8356-83DC52EE2FC1}.Debug|Any CPU.ActiveCfg = Debug|Any CPU
		{E353D632-FF3D-465A-8356-83DC52EE2FC1}.Debug|Any CPU.Build.0 = Debug|Any CPU
		{E353D632-FF3D-465A-8356-83DC52EE2FC1}.Release|Any CPU.ActiveCfg = Release|Any CPU
		{E353D632-FF3D-465A-8356-83DC52EE2FC1}.Release|Any CPU.Build.0 = Release|Any CPU
		{F0BD51D5-B5E6-458B-A046-D010D972C97D}.Debug|Any CPU.ActiveCfg = Debug|Any CPU
		{F0BD51D5-B5E6-458B-A046-D010D972C97D}.Debug|Any CPU.Build.0 = Debug|Any CPU
		{F0BD51D5-B5E6-458B-A046-D010D972C97D}.Release|Any CPU.ActiveCfg = Release|Any CPU
		{F0BD51D5-B5E6-458B-A046-D010D972C97D}.Release|Any CPU.Build.0 = Release|Any CPU
		{480E1E8D-A72F-4CBD-8F0A-F88BD5B283FB}.Debug|Any CPU.ActiveCfg = Debug|Any CPU
		{480E1E8D-A72F-4CBD-8F0A-F88BD5B283FB}.Debug|Any CPU.Build.0 = Debug|Any CPU
		{480E1E8D-A72F-4CBD-8F0A-F88BD5B283FB}.Release|Any CPU.ActiveCfg = Release|Any CPU
		{480E1E8D-A72F-4CBD-8F0A-F88BD5B283FB}.Release|Any CPU.Build.0 = Release|Any CPU
		{75BB859E-1C1E-4822-9ABC-D9269F178609}.Debug|Any CPU.ActiveCfg = Debug|Any CPU
		{75BB859E-1C1E-4822-9ABC-D9269F178609}.Debug|Any CPU.Build.0 = Debug|Any CPU
		{75BB859E-1C1E-4822-9ABC-D9269F178609}.Release|Any CPU.ActiveCfg = Release|Any CPU
		{75BB859E-1C1E-4822-9ABC-D9269F178609}.Release|Any CPU.Build.0 = Release|Any CPU
		{72FE40E5-7E2A-4AB5-948C-D1755E556FEB}.Debug|Any CPU.ActiveCfg = Debug|Any CPU
		{72FE40E5-7E2A-4AB5-948C-D1755E556FEB}.Debug|Any CPU.Build.0 = Debug|Any CPU
		{72FE40E5-7E2A-4AB5-948C-D1755E556FEB}.Release|Any CPU.ActiveCfg = Release|Any CPU
		{72FE40E5-7E2A-4AB5-948C-D1755E556FEB}.Release|Any CPU.Build.0 = Release|Any CPU
		{2ED11472-FD57-455C-9C8C-5100A0479893}.Debug|Any CPU.ActiveCfg = Debug|Any CPU
		{2ED11472-FD57-455C-9C8C-5100A0479893}.Debug|Any CPU.Build.0 = Debug|Any CPU
		{2ED11472-FD57-455C-9C8C-5100A0479893}.Release|Any CPU.ActiveCfg = Release|Any CPU
		{2ED11472-FD57-455C-9C8C-5100A0479893}.Release|Any CPU.Build.0 = Release|Any CPU
		{C986D1D6-7129-4694-925A-17E79008F57E}.Debug|Any CPU.ActiveCfg = Debug|Any CPU
		{C986D1D6-7129-4694-925A-17E79008F57E}.Debug|Any CPU.Build.0 = Debug|Any CPU
		{C986D1D6-7129-4694-925A-17E79008F57E}.Release|Any CPU.ActiveCfg = Release|Any CPU
		{C986D1D6-7129-4694-925A-17E79008F57E}.Release|Any CPU.Build.0 = Release|Any CPU
		{85CFF076-BC51-4320-9FBD-CB30BB64EEC1}.Debug|Any CPU.ActiveCfg = Debug|Any CPU
		{85CFF076-BC51-4320-9FBD-CB30BB64EEC1}.Debug|Any CPU.Build.0 = Debug|Any CPU
		{85CFF076-BC51-4320-9FBD-CB30BB64EEC1}.Release|Any CPU.ActiveCfg = Release|Any CPU
		{85CFF076-BC51-4320-9FBD-CB30BB64EEC1}.Release|Any CPU.Build.0 = Release|Any CPU
		{6A54039D-69CA-41CB-B08B-AB5DBFAF995A}.Debug|Any CPU.ActiveCfg = Debug|Any CPU
		{6A54039D-69CA-41CB-B08B-AB5DBFAF995A}.Debug|Any CPU.Build.0 = Debug|Any CPU
		{6A54039D-69CA-41CB-B08B-AB5DBFAF995A}.Release|Any CPU.ActiveCfg = Release|Any CPU
		{6A54039D-69CA-41CB-B08B-AB5DBFAF995A}.Release|Any CPU.Build.0 = Release|Any CPU
		{F7632AEB-D076-4ABA-A0B5-BC95680DADDC}.Debug|Any CPU.ActiveCfg = Debug|Any CPU
		{F7632AEB-D076-4ABA-A0B5-BC95680DADDC}.Debug|Any CPU.Build.0 = Debug|Any CPU
		{F7632AEB-D076-4ABA-A0B5-BC95680DADDC}.Release|Any CPU.ActiveCfg = Release|Any CPU
		{F7632AEB-D076-4ABA-A0B5-BC95680DADDC}.Release|Any CPU.Build.0 = Release|Any CPU
		{77482465-174B-4308-90F2-6D7469DD572A}.Debug|Any CPU.ActiveCfg = Debug|Any CPU
		{77482465-174B-4308-90F2-6D7469DD572A}.Debug|Any CPU.Build.0 = Debug|Any CPU
		{77482465-174B-4308-90F2-6D7469DD572A}.Release|Any CPU.ActiveCfg = Release|Any CPU
		{77482465-174B-4308-90F2-6D7469DD572A}.Release|Any CPU.Build.0 = Release|Any CPU
		{AE9D5B13-2AA0-4075-BEF7-AB65EAFCE3B4}.Debug|Any CPU.ActiveCfg = Debug|Any CPU
		{AE9D5B13-2AA0-4075-BEF7-AB65EAFCE3B4}.Debug|Any CPU.Build.0 = Debug|Any CPU
		{AE9D5B13-2AA0-4075-BEF7-AB65EAFCE3B4}.Release|Any CPU.ActiveCfg = Release|Any CPU
		{AE9D5B13-2AA0-4075-BEF7-AB65EAFCE3B4}.Release|Any CPU.Build.0 = Release|Any CPU
	EndGlobalSection
	GlobalSection(SolutionProperties) = preSolution
		HideSolutionNode = FALSE
	EndGlobalSection
	GlobalSection(NestedProjects) = preSolution
		{E5840137-504E-459F-9487-8C1F09742732} = {DBCA6591-7ED8-4D4C-8975-5DE3E684296C}
		{826244C7-89BA-41F0-A9AC-937E9D70A3B8} = {E5840137-504E-459F-9487-8C1F09742732}
		{4ACA2A94-9AAD-4D32-811B-5940B72D4DAB} = {0534DC51-C0F1-4D80-A3C2-42C90180A8B9}
		{E353D632-FF3D-465A-8356-83DC52EE2FC1} = {7D59FA4F-BD0E-4231-9AF2-B6DDBA20F991}
		{E7C34364-C422-4192-8CCB-EDB319688071} = {DBCA6591-7ED8-4D4C-8975-5DE3E684296C}
		{F0BD51D5-B5E6-458B-A046-D010D972C97D} = {E7C34364-C422-4192-8CCB-EDB319688071}
		{775AE893-CE71-4D97-AF98-BBFE4955320F} = {DBCA6591-7ED8-4D4C-8975-5DE3E684296C}
		{480E1E8D-A72F-4CBD-8F0A-F88BD5B283FB} = {775AE893-CE71-4D97-AF98-BBFE4955320F}
		{E9CA6E94-83F9-4919-9BEA-3C46BA6E45F7} = {DBCA6591-7ED8-4D4C-8975-5DE3E684296C}
		{75BB859E-1C1E-4822-9ABC-D9269F178609} = {E9CA6E94-83F9-4919-9BEA-3C46BA6E45F7}
		{1FC029B4-D16B-48C2-A653-E8F353F0E359} = {DBCA6591-7ED8-4D4C-8975-5DE3E684296C}
		{0472B32B-11C8-428F-B270-194425FD2ED9} = {DBCA6591-7ED8-4D4C-8975-5DE3E684296C}
		{72FE40E5-7E2A-4AB5-948C-D1755E556FEB} = {0472B32B-11C8-428F-B270-194425FD2ED9}
		{2ED11472-FD57-455C-9C8C-5100A0479893} = {1FC029B4-D16B-48C2-A653-E8F353F0E359}
		{C986D1D6-7129-4694-925A-17E79008F57E} = {1FC029B4-D16B-48C2-A653-E8F353F0E359}
		{85CFF076-BC51-4320-9FBD-CB30BB64EEC1} = {1FC029B4-D16B-48C2-A653-E8F353F0E359}
		{6A54039D-69CA-41CB-B08B-AB5DBFAF995A} = {1FC029B4-D16B-48C2-A653-E8F353F0E359}
		{F7632AEB-D076-4ABA-A0B5-BC95680DADDC} = {1FC029B4-D16B-48C2-A653-E8F353F0E359}
		{77482465-174B-4308-90F2-6D7469DD572A} = {F82D0E27-770F-420D-AE5D-D941C6C305EB}
		{AE9D5B13-2AA0-4075-BEF7-AB65EAFCE3B4} = {929B78B5-A2A9-47CE-915F-26A75D28AFA3}
	EndGlobalSection
	GlobalSection(ExtensibilityGlobals) = postSolution
		SolutionGuid = {FF1C3134-7499-4BA7-AFE4-0D446E5CAEBC}
	EndGlobalSection
EndGlobal
